
Microsoft Visual Studio Solution File, Format Version 12.00
# Visual Studio Version 16
VisualStudioVersion = 16.0.30621.155
MinimumVisualStudioVersion = 10.0.40219.1
Project("{FAE04EC0-301F-11D3-BF4B-00C04F79EFBC}") = "miniWordPad", "miniWordPad\miniWordPad.csproj", "{D89C51AA-41C3-4AC7-BCDC-106C7BB96DF1}"
EndProject
Global
	GlobalSection(SolutionConfigurationPlatforms) = preSolution
		Debug|Any CPU = Debug|Any CPU
		Release|Any CPU = Release|Any CPU
	EndGlobalSection
	GlobalSection(ProjectConfigurationPlatforms) = postSolution
		{D89C51AA-41C3-4AC7-BCDC-106C7BB96DF1}.Debug|Any CPU.ActiveCfg = Debug|Any CPU
		{D89C51AA-41C3-4AC7-BCDC-106C7BB96DF1}.Debug|Any CPU.Build.0 = Debug|Any CPU
		{D89C51AA-41C3-4AC7-BCDC-106C7BB96DF1}.Release|Any CPU.ActiveCfg = Release|Any CPU
		{D89C51AA-41C3-4AC7-BCDC-106C7BB96DF1}.Release|Any CPU.Build.0 = Release|Any CPU
	EndGlobalSection
	GlobalSection(SolutionProperties) = preSolution
		HideSolutionNode = FALSE
	EndGlobalSection
	GlobalSection(ExtensibilityGlobals) = postSolution
		SolutionGuid = {AA972630-A9B0-46A1-8620-11D4A4248BB6}
	EndGlobalSection
EndGlobal
